
Microsoft Visual Studio Solution File, Format Version 12.00
# Visual Studio Version 16
VisualStudioVersion = 16.0.28917.182
MinimumVisualStudioVersion = 10.0.40219.1
Project("{2150E333-8FDC-42A3-9474-1A3956D46DE8}") = "Solution Items", "Solution Items", "{71B06E9A-6B24-443B-A1E4-1524878BD995}"
	ProjectSection(SolutionItems) = preProject
		.gitignore = .gitignore
		build.sh = build.sh
		Directory.Build.props = Directory.Build.props
		LICENSE.txt = LICENSE.txt
		NuGet.Config = NuGet.Config
		README.md = README.md
		ThirdPartyNotices.txt = ThirdPartyNotices.txt
	EndProjectSection
EndProject
Project("{2150E333-8FDC-42A3-9474-1A3956D46DE8}") = "Samples", "Samples", "{1AA38339-B349-4AA7-A0A9-F92ADCFDB2DF}"
EndProject
Project("{9A19103F-16F7-4668-BE54-9A1E7A4F7556}") = "WebcamWithAudioSample", "Samples\WebcamWithAudioSample\WebcamWithAudioSample.csproj", "{F2C129EC-E1BE-4F37-AA91-C48D1B98D75A}"
EndProject
Project("{2150E333-8FDC-42A3-9474-1A3956D46DE8}") = "OpenCVSample", "OpenCVSample", "{BED75944-5B42-45E4-8347-46CEEEFC865F}"
	ProjectSection(SolutionItems) = preProject
		Samples\OpenCVSample\README.md = Samples\OpenCVSample\README.md
	EndProjectSection
EndProject
Project("{9A19103F-16F7-4668-BE54-9A1E7A4F7556}") = "OpenCVSample", "Samples\OpenCVSample\OpenCVSample\OpenCVSample.csproj", "{A04D4DFC-2843-4BC4-96A0-F03631700506}"
EndProject
Project("{8BC9CEB8-8B4A-11D0-8D11-00A0C91BC942}") = "OpenCVSample.Interop", "Samples\OpenCVSample\OpenCVSample.Interop\OpenCVSample.Interop.vcxproj", "{0C0D11F0-04C4-41D3-AF43-7C2ACA90214A}"
EndProject
Project("{9A19103F-16F7-4668-BE54-9A1E7A4F7556}") = "KinectSample", "Samples\KinectSample\KinectSample.csproj", "{C42C2219-487C-479E-87E7-90E1E47AB049}"
EndProject
Project("{9A19103F-16F7-4668-BE54-9A1E7A4F7556}") = "SpeechSample", "Samples\SpeechSample\SpeechSample.csproj", "{C5AB7394-68FB-4641-BDAE-8A956EDC44A9}"
EndProject
Project("{2150E333-8FDC-42A3-9474-1A3956D46DE8}") = "Build", "Build", "{4026C2BE-0D2C-421F-B35A-1C34A95EEC43}"
	ProjectSection(SolutionItems) = preProject
		Build\Microsoft.Psi.ruleset = Build\Microsoft.Psi.ruleset
		Build\Sample.Psi.ruleset = Build\Sample.Psi.ruleset
		Build\Security.ruleset = Build\Security.ruleset
		Build\Test.Psi.ruleset = Build\Test.Psi.ruleset
	EndProjectSection
EndProject
Project("{9A19103F-16F7-4668-BE54-9A1E7A4F7556}") = "RosArmControlSample", "Samples\RosArmControlSample\RosArmControlSample.csproj", "{65554739-ABDC-43A9-AD9E-3445CF5B8817}"
EndProject
Project("{9A19103F-16F7-4668-BE54-9A1E7A4F7556}") = "RosTurtleSample", "Samples\RosTurtleSample\RosTurtleSample.csproj", "{1DFBBB70-4677-4E00-9A49-63489373C8C8}"
EndProject
Project("{9A19103F-16F7-4668-BE54-9A1E7A4F7556}") = "LinuxSpeechSample", "Samples\LinuxSpeechSample\LinuxSpeechSample.csproj", "{B82BFF1A-CF8E-4920-BA34-C5080D6794D7}"
EndProject
Project("{9A19103F-16F7-4668-BE54-9A1E7A4F7556}") = "AzureKinectSample", "Samples\AzureKinectSample\AzureKinectSample.csproj", "{66639311-E7BE-4A5B-A35B-9BFF6D3F69F2}"
EndProject
Project("{9A19103F-16F7-4668-BE54-9A1E7A4F7556}") = "LinuxWebcamWithAudioSample", "Samples\LinuxWebcamWithAudioSample\LinuxWebcamWithAudioSample.csproj", "{C3C9D2E5-E99F-484B-9D96-AE2BD0EC1B0F}"
EndProject
Global
	GlobalSection(SolutionConfigurationPlatforms) = preSolution
		Debug|Any CPU = Debug|Any CPU
		Release|Any CPU = Release|Any CPU
	EndGlobalSection
	GlobalSection(ProjectConfigurationPlatforms) = postSolution
		{A04D4DFC-2843-4BC4-96A0-F03631700506}.Debug|Any CPU.ActiveCfg = Debug|x64
		{A04D4DFC-2843-4BC4-96A0-F03631700506}.Debug|Any CPU.Build.0 = Debug|x64
		{A04D4DFC-2843-4BC4-96A0-F03631700506}.Release|Any CPU.ActiveCfg = Release|x64
		{A04D4DFC-2843-4BC4-96A0-F03631700506}.Release|Any CPU.Build.0 = Release|x64
		{0C0D11F0-04C4-41D3-AF43-7C2ACA90214A}.Debug|Any CPU.ActiveCfg = Debug|x64
		{0C0D11F0-04C4-41D3-AF43-7C2ACA90214A}.Debug|Any CPU.Build.0 = Debug|x64
		{0C0D11F0-04C4-41D3-AF43-7C2ACA90214A}.Release|Any CPU.ActiveCfg = Release|x64
		{0C0D11F0-04C4-41D3-AF43-7C2ACA90214A}.Release|Any CPU.Build.0 = Release|x64
		{C42C2219-487C-479E-87E7-90E1E47AB049}.Debug|Any CPU.ActiveCfg = Debug|Any CPU
		{C42C2219-487C-479E-87E7-90E1E47AB049}.Debug|Any CPU.Build.0 = Debug|Any CPU
		{C42C2219-487C-479E-87E7-90E1E47AB049}.Release|Any CPU.ActiveCfg = Release|Any CPU
		{C42C2219-487C-479E-87E7-90E1E47AB049}.Release|Any CPU.Build.0 = Release|Any CPU
		{C5AB7394-68FB-4641-BDAE-8A956EDC44A9}.Debug|Any CPU.ActiveCfg = Debug|Any CPU
		{C5AB7394-68FB-4641-BDAE-8A956EDC44A9}.Debug|Any CPU.Build.0 = Debug|Any CPU
		{C5AB7394-68FB-4641-BDAE-8A956EDC44A9}.Release|Any CPU.ActiveCfg = Release|Any CPU
		{C5AB7394-68FB-4641-BDAE-8A956EDC44A9}.Release|Any CPU.Build.0 = Release|Any CPU
		{F2C129EC-E1BE-4F37-AA91-C48D1B98D75A}.Debug|Any CPU.ActiveCfg = Debug|Any CPU
		{F2C129EC-E1BE-4F37-AA91-C48D1B98D75A}.Debug|Any CPU.Build.0 = Debug|Any CPU
		{F2C129EC-E1BE-4F37-AA91-C48D1B98D75A}.Release|Any CPU.ActiveCfg = Release|Any CPU
		{F2C129EC-E1BE-4F37-AA91-C48D1B98D75A}.Release|Any CPU.Build.0 = Release|Any CPU
		{65554739-ABDC-43A9-AD9E-3445CF5B8817}.Debug|Any CPU.ActiveCfg = Debug|Any CPU
		{65554739-ABDC-43A9-AD9E-3445CF5B8817}.Debug|Any CPU.Build.0 = Debug|Any CPU
		{65554739-ABDC-43A9-AD9E-3445CF5B8817}.Release|Any CPU.ActiveCfg = Release|Any CPU
		{65554739-ABDC-43A9-AD9E-3445CF5B8817}.Release|Any CPU.Build.0 = Release|Any CPU
		{1DFBBB70-4677-4E00-9A49-63489373C8C8}.Debug|Any CPU.ActiveCfg = Debug|Any CPU
		{1DFBBB70-4677-4E00-9A49-63489373C8C8}.Debug|Any CPU.Build.0 = Debug|Any CPU
		{1DFBBB70-4677-4E00-9A49-63489373C8C8}.Release|Any CPU.ActiveCfg = Release|Any CPU
		{1DFBBB70-4677-4E00-9A49-63489373C8C8}.Release|Any CPU.Build.0 = Release|Any CPU
		{B82BFF1A-CF8E-4920-BA34-C5080D6794D7}.Debug|Any CPU.ActiveCfg = Debug|Any CPU
		{B82BFF1A-CF8E-4920-BA34-C5080D6794D7}.Debug|Any CPU.Build.0 = Debug|Any CPU
		{B82BFF1A-CF8E-4920-BA34-C5080D6794D7}.Release|Any CPU.ActiveCfg = Release|Any CPU
		{B82BFF1A-CF8E-4920-BA34-C5080D6794D7}.Release|Any CPU.Build.0 = Release|Any CPU
		{66639311-E7BE-4A5B-A35B-9BFF6D3F69F2}.Debug|Any CPU.ActiveCfg = Debug|x64
		{66639311-E7BE-4A5B-A35B-9BFF6D3F69F2}.Debug|Any CPU.Build.0 = Debug|x64
		{66639311-E7BE-4A5B-A35B-9BFF6D3F69F2}.Release|Any CPU.ActiveCfg = Release|x64
		{66639311-E7BE-4A5B-A35B-9BFF6D3F69F2}.Release|Any CPU.Build.0 = Release|x64
		{C3C9D2E5-E99F-484B-9D96-AE2BD0EC1B0F}.Debug|Any CPU.ActiveCfg = Debug|Any CPU
		{C3C9D2E5-E99F-484B-9D96-AE2BD0EC1B0F}.Debug|Any CPU.Build.0 = Debug|Any CPU
		{C3C9D2E5-E99F-484B-9D96-AE2BD0EC1B0F}.Release|Any CPU.ActiveCfg = Release|Any CPU
		{C3C9D2E5-E99F-484B-9D96-AE2BD0EC1B0F}.Release|Any CPU.Build.0 = Release|Any CPU
	EndGlobalSection
	GlobalSection(SolutionProperties) = preSolution
		HideSolutionNode = FALSE
	EndGlobalSection
	GlobalSection(NestedProjects) = preSolution
		{BED75944-5B42-45E4-8347-46CEEEFC865F} = {1AA38339-B349-4AA7-A0A9-F92ADCFDB2DF}
		{A04D4DFC-2843-4BC4-96A0-F03631700506} = {BED75944-5B42-45E4-8347-46CEEEFC865F}
		{0C0D11F0-04C4-41D3-AF43-7C2ACA90214A} = {BED75944-5B42-45E4-8347-46CEEEFC865F}
		{C42C2219-487C-479E-87E7-90E1E47AB049} = {1AA38339-B349-4AA7-A0A9-F92ADCFDB2DF}
		{C5AB7394-68FB-4641-BDAE-8A956EDC44A9} = {1AA38339-B349-4AA7-A0A9-F92ADCFDB2DF}
		{F2C129EC-E1BE-4F37-AA91-C48D1B98D75A} = {1AA38339-B349-4AA7-A0A9-F92ADCFDB2DF}
		{65554739-ABDC-43A9-AD9E-3445CF5B8817} = {1AA38339-B349-4AA7-A0A9-F92ADCFDB2DF}
		{1DFBBB70-4677-4E00-9A49-63489373C8C8} = {1AA38339-B349-4AA7-A0A9-F92ADCFDB2DF}
		{B82BFF1A-CF8E-4920-BA34-C5080D6794D7} = {1AA38339-B349-4AA7-A0A9-F92ADCFDB2DF}
		{66639311-E7BE-4A5B-A35B-9BFF6D3F69F2} = {1AA38339-B349-4AA7-A0A9-F92ADCFDB2DF}
		{C3C9D2E5-E99F-484B-9D96-AE2BD0EC1B0F} = {1AA38339-B349-4AA7-A0A9-F92ADCFDB2DF}
	EndGlobalSection
	GlobalSection(ExtensibilityGlobals) = postSolution
		SolutionGuid = {EAF15EE9-DCC5-411B-A9E5-7C2F3D132331}
	EndGlobalSection
	GlobalSection(Performance) = preSolution
		HasPerformanceSessions = true
	EndGlobalSection
	GlobalSection(Performance) = preSolution
		HasPerformanceSessions = true
	EndGlobalSection
EndGlobal
