
Microsoft Visual Studio Solution File, Format Version 12.00
# Visual Studio Version 16
VisualStudioVersion = 16.0.30320.27
MinimumVisualStudioVersion = 10.0.40219.1
Project("{9A19103F-16F7-4668-BE54-9A1E7A4F7556}") = "KinectSample", "KinectSample.csproj", "{7880380C-8513-4F94-A4E4-8B40A069D921}"
EndProject
Global
	GlobalSection(SolutionConfigurationPlatforms) = preSolution
		Debug|Any CPU = Debug|Any CPU
		Release|Any CPU = Release|Any CPU
	EndGlobalSection
	GlobalSection(ProjectConfigurationPlatforms) = postSolution
		{7880380C-8513-4F94-A4E4-8B40A069D921}.Debug|Any CPU.ActiveCfg = Debug|Any CPU
		{7880380C-8513-4F94-A4E4-8B40A069D921}.Debug|Any CPU.Build.0 = Debug|Any CPU
		{7880380C-8513-4F94-A4E4-8B40A069D921}.Release|Any CPU.ActiveCfg = Release|Any CPU
		{7880380C-8513-4F94-A4E4-8B40A069D921}.Release|Any CPU.Build.0 = Release|Any CPU
	EndGlobalSection
	GlobalSection(SolutionProperties) = preSolution
		HideSolutionNode = FALSE
	EndGlobalSection
	GlobalSection(ExtensibilityGlobals) = postSolution
		SolutionGuid = {B14E2591-100C-4024-BEC0-F987792576EE}
	EndGlobalSection
EndGlobal
