
Microsoft Visual Studio Solution File, Format Version 12.00
# Visual Studio Version 16
VisualStudioVersion = 16.0.30320.27
MinimumVisualStudioVersion = 10.0.40219.1
Project("{9A19103F-16F7-4668-BE54-9A1E7A4F7556}") = "HelloWorld", "HelloWorld.csproj", "{37F7E5DB-B356-41C3-BD37-7A795D3F093D}"
EndProject
Global
	GlobalSection(SolutionConfigurationPlatforms) = preSolution
		Debug|Any CPU = Debug|Any CPU
		Release|Any CPU = Release|Any CPU
	EndGlobalSection
	GlobalSection(ProjectConfigurationPlatforms) = postSolution
		{37F7E5DB-B356-41C3-BD37-7A795D3F093D}.Debug|Any CPU.ActiveCfg = Debug|Any CPU
		{37F7E5DB-B356-41C3-BD37-7A795D3F093D}.Debug|Any CPU.Build.0 = Debug|Any CPU
		{37F7E5DB-B356-41C3-BD37-7A795D3F093D}.Release|Any CPU.ActiveCfg = Release|Any CPU
		{37F7E5DB-B356-41C3-BD37-7A795D3F093D}.Release|Any CPU.Build.0 = Release|Any CPU
	EndGlobalSection
	GlobalSection(SolutionProperties) = preSolution
		HideSolutionNode = FALSE
	EndGlobalSection
	GlobalSection(ExtensibilityGlobals) = postSolution
		SolutionGuid = {6623E511-08F8-41DF-A0F2-0FB1698A4E03}
	EndGlobalSection
EndGlobal
