
Microsoft Visual Studio Solution File, Format Version 12.00
# Visual Studio Version 16
VisualStudioVersion = 16.0.30320.27
MinimumVisualStudioVersion = 10.0.40219.1
Project("{9A19103F-16F7-4668-BE54-9A1E7A4F7556}") = "RosTurtleSample", "RosTurtleSample.csproj", "{1EB8CE07-FB1A-4651-89DC-91D4DD9D8636}"
EndProject
Global
	GlobalSection(SolutionConfigurationPlatforms) = preSolution
		Debug|Any CPU = Debug|Any CPU
		Release|Any CPU = Release|Any CPU
	EndGlobalSection
	GlobalSection(ProjectConfigurationPlatforms) = postSolution
		{1EB8CE07-FB1A-4651-89DC-91D4DD9D8636}.Debug|Any CPU.ActiveCfg = Debug|Any CPU
		{1EB8CE07-FB1A-4651-89DC-91D4DD9D8636}.Debug|Any CPU.Build.0 = Debug|Any CPU
		{1EB8CE07-FB1A-4651-89DC-91D4DD9D8636}.Release|Any CPU.ActiveCfg = Release|Any CPU
		{1EB8CE07-FB1A-4651-89DC-91D4DD9D8636}.Release|Any CPU.Build.0 = Release|Any CPU
	EndGlobalSection
	GlobalSection(SolutionProperties) = preSolution
		HideSolutionNode = FALSE
	EndGlobalSection
	GlobalSection(ExtensibilityGlobals) = postSolution
		SolutionGuid = {0E0CECBB-8BC8-4E03-945E-7762DF37C0C3}
	EndGlobalSection
EndGlobal
